
Microsoft Visual Studio Solution File, Format Version 12.00
# Visual Studio 14
VisualStudioVersion = 14.0.25420.1
MinimumVisualStudioVersion = 10.0.40219.1
Project("{FAE04EC0-301F-11D3-BF4B-00C04F79EFBC}") = "SimpleHttpServer", "SimpleHttpServer\SimpleHttpServer.csproj", "{708C07FD-DC77-4480-9886-EA6F7C25D14B}"
EndProject
Project("{FAE04EC0-301F-11D3-BF4B-00C04F79EFBC}") = "SimpleHttpServer.Application", "SimpleHttpServer.Application\SimpleHttpServer.Application.csproj", "{8FD54364-A4E8-4490-A225-3455D70FB290}"
EndProject
Global
	GlobalSection(SolutionConfigurationPlatforms) = preSolution
		Debug|Any CPU = Debug|Any CPU
		Release|Any CPU = Release|Any CPU
	EndGlobalSection
	GlobalSection(ProjectConfigurationPlatforms) = postSolution
		{708C07FD-DC77-4480-9886-EA6F7C25D14B}.Debug|Any CPU.ActiveCfg = Debug|Any CPU
		{708C07FD-DC77-4480-9886-EA6F7C25D14B}.Debug|Any CPU.Build.0 = Debug|Any CPU
		{708C07FD-DC77-4480-9886-EA6F7C25D14B}.Release|Any CPU.ActiveCfg = Release|Any CPU
		{708C07FD-DC77-4480-9886-EA6F7C25D14B}.Release|Any CPU.Build.0 = Release|Any CPU
		{8FD54364-A4E8-4490-A225-3455D70FB290}.Debug|Any CPU.ActiveCfg = Debug|Any CPU
		{8FD54364-A4E8-4490-A225-3455D70FB290}.Debug|Any CPU.Build.0 = Debug|Any CPU
		{8FD54364-A4E8-4490-A225-3455D70FB290}.Release|Any CPU.ActiveCfg = Release|Any CPU
		{8FD54364-A4E8-4490-A225-3455D70FB290}.Release|Any CPU.Build.0 = Release|Any CPU
	EndGlobalSection
	GlobalSection(SolutionProperties) = preSolution
		HideSolutionNode = FALSE
	EndGlobalSection
EndGlobal
